
Microsoft Visual Studio Solution File, Format Version 12.00
# Visual Studio Version 16
VisualStudioVersion = 16.0.30717.126
MinimumVisualStudioVersion = 10.0.40219.1
Project("{FAE04EC0-301F-11D3-BF4B-00C04F79EFBC}") = "LecturaGeoJson", "LecturaGeoJson\LecturaGeoJson.csproj", "{0FEBD1C7-3A82-4724-A724-3E51C78FCEF0}"
EndProject
Global
	GlobalSection(SolutionConfigurationPlatforms) = preSolution
		Debug|Any CPU = Debug|Any CPU
		Release|Any CPU = Release|Any CPU
	EndGlobalSection
	GlobalSection(ProjectConfigurationPlatforms) = postSolution
		{0FEBD1C7-3A82-4724-A724-3E51C78FCEF0}.Debug|Any CPU.ActiveCfg = Debug|Any CPU
		{0FEBD1C7-3A82-4724-A724-3E51C78FCEF0}.Debug|Any CPU.Build.0 = Debug|Any CPU
		{0FEBD1C7-3A82-4724-A724-3E51C78FCEF0}.Release|Any CPU.ActiveCfg = Release|Any CPU
		{0FEBD1C7-3A82-4724-A724-3E51C78FCEF0}.Release|Any CPU.Build.0 = Release|Any CPU
	EndGlobalSection
	GlobalSection(SolutionProperties) = preSolution
		HideSolutionNode = FALSE
	EndGlobalSection
	GlobalSection(ExtensibilityGlobals) = postSolution
		SolutionGuid = {470433F1-CF58-4678-B30E-A8ADF1D001FC}
	EndGlobalSection
EndGlobal
